PODS:
  - EmojiLog (1.0.0)
  - FBSnapshotTestCase (2.1.4):
    - FBSnapshotTestCase/SwiftSupport (= 2.1.4)
  - FBSnapshotTestCase/Core (2.1.4)
  - FBSnapshotTestCase/SwiftSupport (2.1.4):
    - FBSnapshotTestCase/Core
  - Nimble (4.1.0)
  - Nimble-Snapshots (4.4.0):
    - Nimble-Snapshots/Core (= 4.4.0)
  - Nimble-Snapshots/Core (4.4.0):
    - FBSnapshotTestCase (~> 2.0)
    - Nimble
    - Quick
  - Quick (0.9.3)

DEPENDENCIES:
  - EmojiLog (from `../`)
  - FBSnapshotTestCase
  - Nimble (~> 4.1.0)
  - Nimble-Snapshots
  - Quick (~> 0.9.3)

EXTERNAL SOURCES:
  EmojiLog:
    :path: ../

SPEC CHECKSUMS:
  EmojiLog: 5f2a3dca776680914b13c3dbee0618165e1ecedb
  FBSnapshotTestCase: 094f9f314decbabe373b87cc339bea235a63e07a
  Nimble: 97a0a4cae5124c117115634b2d055d8c97d0af19
  Nimble-Snapshots: e743439f26c2fa99d8f7e0d7c01c99bcb40aa6f2
  Quick: 13a2a2b19a5d8e3ed4fd0c36ee46597fd77ebf71

PODFILE CHECKSUM: afa77b7011cdbd6361078067eeaa685df0087e0b

COCOAPODS: 1.2.0
